
Microsoft Visual Studio Solution File, Format Version 12.00
# Visual Studio 15
VisualStudioVersion = 15.0.27130.2027
MinimumVisualStudioVersion = 10.0.40219.1
Project("{FAE04EC0-301F-11D3-BF4B-00C04F79EFBC}") = "Bonus17", "Bonus17.csproj", "{3FB33D59-AC43-4212-86FB-5C8B766865BD}"
EndProject
Global
	GlobalSection(SolutionConfigurationPlatforms) = preSolution
		Debug|Any CPU = Debug|Any CPU
		Release|Any CPU = Release|Any CPU
	EndGlobalSection
	GlobalSection(ProjectConfigurationPlatforms) = postSolution
		{3FB33D59-AC43-4212-86FB-5C8B766865BD}.Debug|Any CPU.ActiveCfg = Debug|Any CPU
		{3FB33D59-AC43-4212-86FB-5C8B766865BD}.Debug|Any CPU.Build.0 = Debug|Any CPU
		{3FB33D59-AC43-4212-86FB-5C8B766865BD}.Release|Any CPU.ActiveCfg = Release|Any CPU
		{3FB33D59-AC43-4212-86FB-5C8B766865BD}.Release|Any CPU.Build.0 = Release|Any CPU
	EndGlobalSection
	GlobalSection(SolutionProperties) = preSolution
		HideSolutionNode = FALSE
	EndGlobalSection
	GlobalSection(ExtensibilityGlobals) = postSolution
		SolutionGuid = {23033885-B72F-4167-A9DD-083FB7542725}
	EndGlobalSection
EndGlobal
